
Microsoft Visual Studio Solution File, Format Version 12.00
# Visual Studio Version 17
VisualStudioVersion = 17.0.31903.59
MinimumVisualStudioVersion = 10.0.40219.1
Project("{2150E333-8FDC-42A3-9474-1A3956D46DE8}") = "src", "src", "{11111111-1111-1111-1111-111111111111}"
EndProject
Project("{2150E333-8FDC-42A3-9474-1A3956D46DE8}") = "tests", "tests", "{22222222-2222-2222-2222-222222222222}"
EndProject
Project("{9A19103F-16F7-4668-BE54-9A1E7A4F7556}") = "DevAgent.Contracts", "src\DevAgent.Contracts\DevAgent.Contracts.csproj", "{A0000001-0000-0000-0000-000000000001}"
EndProject
Project("{9A19103F-16F7-4668-BE54-9A1E7A4F7556}") = "DevAgent.Audit", "src\DevAgent.Audit\DevAgent.Audit.csproj", "{A0000002-0000-0000-0000-000000000002}"
EndProject
Project("{9A19103F-16F7-4668-BE54-9A1E7A4F7556}") = "DevAgent.Guard", "src\DevAgent.Guard\DevAgent.Guard.csproj", "{A0000003-0000-0000-0000-000000000003}"
EndProject
Project("{9A19103F-16F7-4668-BE54-9A1E7A4F7556}") = "DevAgent.Bridge.Git", "src\DevAgent.Bridge.Git\DevAgent.Bridge.Git.csproj", "{A0000004-0000-0000-0000-000000000004}"
EndProject
Project("{9A19103F-16F7-4668-BE54-9A1E7A4F7556}") = "DevAgent.Bridge.NuGet", "src\DevAgent.Bridge.NuGet\DevAgent.Bridge.NuGet.csproj", "{A0000005-0000-0000-0000-000000000005}"
EndProject
Project("{9A19103F-16F7-4668-BE54-9A1E7A4F7556}") = "DevAgent.Forge", "src\DevAgent.Forge\DevAgent.Forge.csproj", "{A0000006-0000-0000-0000-000000000006}"
EndProject
Project("{9A19103F-16F7-4668-BE54-9A1E7A4F7556}") = "DevAgent.Worker.DotNet", "src\DevAgent.Worker.DotNet\DevAgent.Worker.DotNet.csproj", "{A0000007-0000-0000-0000-000000000007}"
EndProject
Project("{9A19103F-16F7-4668-BE54-9A1E7A4F7556}") = "DevAgent.Runner.Api", "src\DevAgent.Runner.Api\DevAgent.Runner.Api.csproj", "{A0000008-0000-0000-0000-000000000008}"
EndProject
Project("{9A19103F-16F7-4668-BE54-9A1E7A4F7556}") = "DevAgent.Hub.Api", "src\DevAgent.Hub.Api\DevAgent.Hub.Api.csproj", "{A0000009-0000-0000-0000-000000000009}"
EndProject
Project("{9A19103F-16F7-4668-BE54-9A1E7A4F7556}") = "Agents.DependencyPilot", "src\Agents.DependencyPilot\Agents.DependencyPilot.csproj", "{A0000010-0000-0000-0000-000000000010}"
EndProject
Project("{9A19103F-16F7-4668-BE54-9A1E7A4F7556}") = "DevAgent.Guard.Tests", "tests\DevAgent.Guard.Tests\DevAgent.Guard.Tests.csproj", "{B0000001-0000-0000-0000-000000000001}"
EndProject
Project("{9A19103F-16F7-4668-BE54-9A1E7A4F7556}") = "DevAgent.Runner.Tests", "tests\DevAgent.Runner.Tests\DevAgent.Runner.Tests.csproj", "{B0000002-0000-0000-0000-000000000002}"
EndProject
Project("{9A19103F-16F7-4668-BE54-9A1E7A4F7556}") = "DevAgent.Worker.DotNet.Tests", "tests\DevAgent.Worker.DotNet.Tests\DevAgent.Worker.DotNet.Tests.csproj", "{B0000003-0000-0000-0000-000000000003}"
EndProject
Project("{9A19103F-16F7-4668-BE54-9A1E7A4F7556}") = "DevAgent.Forge.Tests", "tests\DevAgent.Forge.Tests\DevAgent.Forge.Tests.csproj", "{B0000004-0000-0000-0000-000000000004}"
EndProject
Project("{9A19103F-16F7-4668-BE54-9A1E7A4F7556}") = "Agents.DependencyPilot.Tests", "tests\Agents.DependencyPilot.Tests\Agents.DependencyPilot.Tests.csproj", "{B0000005-0000-0000-0000-000000000005}"
EndProject
Project("{FAE04EC0-301F-11D3-BF4B-00C04F79EFBC}") = "DevAgent.Bridge.Llm", "src\DevAgent.Bridge.Llm\DevAgent.Bridge.Llm.csproj", "{18882C6E-598E-478D-B486-28FB9E919BB6}"
EndProject
Project("{FAE04EC0-301F-11D3-BF4B-00C04F79EFBC}") = "DevAgent.Bridge.Llm.Tests", "tests\DevAgent.Bridge.Llm.Tests\DevAgent.Bridge.Llm.Tests.csproj", "{140E9757-183F-4949-9793-448F38055488}"
EndProject
Project("{FAE04EC0-301F-11D3-BF4B-00C04F79EFBC}") = "Agents.DotNetUpgrader", "src\Agents.DotNetUpgrader\Agents.DotNetUpgrader.csproj", "{79083E0C-77CD-404D-B528-2FD7D690093C}"
EndProject
Project("{FAE04EC0-301F-11D3-BF4B-00C04F79EFBC}") = "Agents.DotNetUpgrader.Tests", "tests\Agents.DotNetUpgrader.Tests\Agents.DotNetUpgrader.Tests.csproj", "{40022DCC-7CA4-4657-A0AA-3977A9E984C0}"
EndProject
Project("{FAE04EC0-301F-11D3-BF4B-00C04F79EFBC}") = "DevAgent.Bridge.NuGet.Tests", "tests\DevAgent.Bridge.NuGet.Tests\DevAgent.Bridge.NuGet.Tests.csproj", "{E8BD8CBF-1C4F-499D-8ED0-8ADF70CB27B0}"
EndProject
Project("{FAE04EC0-301F-11D3-BF4B-00C04F79EFBC}") = "DevAgent.Hub.Tests", "tests\DevAgent.Hub.Tests\DevAgent.Hub.Tests.csproj", "{C73D41BD-1526-440F-90B9-87157CB2465A}"
EndProject
Project("{FAE04EC0-301F-11D3-BF4B-00C04F79EFBC}") = "DevAgent.Bridge.Mcp", "src\DevAgent.Bridge.Mcp\DevAgent.Bridge.Mcp.csproj", "{14445CD3-0E88-4631-8F56-A0D9441B4184}"
EndProject
Project("{FAE04EC0-301F-11D3-BF4B-00C04F79EFBC}") = "DevAgent.Bridge.Mcp.Tests", "tests\DevAgent.Bridge.Mcp.Tests\DevAgent.Bridge.Mcp.Tests.csproj", "{4245495C-9EBD-42A8-8690-F89FC81C5D12}"
EndProject
Project("{FAE04EC0-301F-11D3-BF4B-00C04F79EFBC}") = "DevAgent.Store", "src\DevAgent.Store\DevAgent.Store.csproj", "{A729EC1B-369C-4508-9421-75DDD6DA55E9}"
EndProject
Project("{FAE04EC0-301F-11D3-BF4B-00C04F79EFBC}") = "DevAgent.Store.Tests", "tests\DevAgent.Store.Tests\DevAgent.Store.Tests.csproj", "{F01B035B-FBC4-4D1F-9F5C-A3D57C464B46}"
EndProject
Project("{FAE04EC0-301F-11D3-BF4B-00C04F79EFBC}") = "DevAgent.Bridge.Ci", "src\DevAgent.Bridge.Ci\DevAgent.Bridge.Ci.csproj", "{013E3E52-719E-423C-8471-40B2600666A7}"
EndProject
Project("{FAE04EC0-301F-11D3-BF4B-00C04F79EFBC}") = "DevAgent.Bridge.Ci.Tests", "tests\DevAgent.Bridge.Ci.Tests\DevAgent.Bridge.Ci.Tests.csproj", "{453AF624-9B49-41BC-B36C-F56531F768EE}"
EndProject
Project("{FAE04EC0-301F-11D3-BF4B-00C04F79EFBC}") = "Agents.PipelineDoctor", "src\Agents.PipelineDoctor\Agents.PipelineDoctor.csproj", "{B5E7245B-F896-4421-B646-908AC830F76C}"
EndProject
Project("{FAE04EC0-301F-11D3-BF4B-00C04F79EFBC}") = "Agents.DocScribe", "src\Agents.DocScribe\Agents.DocScribe.csproj", "{FF7A5098-83E3-4CDB-93D2-93DA7592783F}"
EndProject
Project("{FAE04EC0-301F-11D3-BF4B-00C04F79EFBC}") = "Agents.CodeReviewer", "src\Agents.CodeReviewer\Agents.CodeReviewer.csproj", "{9F657819-02D3-4727-9960-1C1413CF5D85}"
EndProject
Project("{FAE04EC0-301F-11D3-BF4B-00C04F79EFBC}") = "Agents.SplunkSentinel", "src\Agents.SplunkSentinel\Agents.SplunkSentinel.csproj", "{A9B72E78-A56D-4F59-965A-812B410DAE2F}"
EndProject
Project("{FAE04EC0-301F-11D3-BF4B-00C04F79EFBC}") = "DevAgent.Bridge.Splunk", "src\DevAgent.Bridge.Splunk\DevAgent.Bridge.Splunk.csproj", "{393B5D19-1A42-4870-8F07-8FD9E07904D2}"
EndProject
Project("{FAE04EC0-301F-11D3-BF4B-00C04F79EFBC}") = "Agents.ConfluenceGuide", "src\Agents.ConfluenceGuide\Agents.ConfluenceGuide.csproj", "{5A91E707-315F-48FD-9AA7-3807B07A3A44}"
EndProject
Project("{FAE04EC0-301F-11D3-BF4B-00C04F79EFBC}") = "DevAgent.Bridge.Confluence", "src\DevAgent.Bridge.Confluence\DevAgent.Bridge.Confluence.csproj", "{D4B3F303-B4FB-4BCB-8CFB-6D97D0629EDA}"
EndProject
Project("{FAE04EC0-301F-11D3-BF4B-00C04F79EFBC}") = "Agents.PipelineDoctor.Tests", "tests\Agents.PipelineDoctor.Tests\Agents.PipelineDoctor.Tests.csproj", "{FDC0207E-2D25-4957-B9CD-370ACA80BC8E}"
EndProject
Project("{FAE04EC0-301F-11D3-BF4B-00C04F79EFBC}") = "Agents.DocScribe.Tests", "tests\Agents.DocScribe.Tests\Agents.DocScribe.Tests.csproj", "{DE929E12-3004-4688-A00D-E73965491BE5}"
EndProject
Project("{FAE04EC0-301F-11D3-BF4B-00C04F79EFBC}") = "Agents.CodeReviewer.Tests", "tests\Agents.CodeReviewer.Tests\Agents.CodeReviewer.Tests.csproj", "{150AEFC8-86EA-4BB6-960E-685BA4D49BD6}"
EndProject
Project("{FAE04EC0-301F-11D3-BF4B-00C04F79EFBC}") = "Agents.SplunkSentinel.Tests", "tests\Agents.SplunkSentinel.Tests\Agents.SplunkSentinel.Tests.csproj", "{59677F55-DC25-4254-A7CC-38982D8B02A5}"
EndProject
Project("{FAE04EC0-301F-11D3-BF4B-00C04F79EFBC}") = "Agents.ConfluenceGuide.Tests", "tests\Agents.ConfluenceGuide.Tests\Agents.ConfluenceGuide.Tests.csproj", "{3B0450E0-8CA9-4B2F-8C2F-CFD3DDF27812}"
EndProject
Global
	GlobalSection(SolutionConfigurationPlatforms) = preSolution
		Debug|Any CPU = Debug|Any CPU
		Debug|x64 = Debug|x64
		Debug|x86 = Debug|x86
		Release|Any CPU = Release|Any CPU
		Release|x64 = Release|x64
		Release|x86 = Release|x86
	EndGlobalSection
	GlobalSection(ProjectConfigurationPlatforms) = postSolution
		{A0000001-0000-0000-0000-000000000001}.Debug|Any CPU.ActiveCfg = Debug|Any CPU
		{A0000001-0000-0000-0000-000000000001}.Debug|Any CPU.Build.0 = Debug|Any CPU
		{A0000001-0000-0000-0000-000000000001}.Debug|x64.ActiveCfg = Debug|Any CPU
		{A0000001-0000-0000-0000-000000000001}.Debug|x64.Build.0 = Debug|Any CPU
		{A0000001-0000-0000-0000-000000000001}.Debug|x86.ActiveCfg = Debug|Any CPU
		{A0000001-0000-0000-0000-000000000001}.Debug|x86.Build.0 = Debug|Any CPU
		{A0000001-0000-0000-0000-000000000001}.Release|Any CPU.ActiveCfg = Release|Any CPU
		{A0000001-0000-0000-0000-000000000001}.Release|Any CPU.Build.0 = Release|Any CPU
		{A0000001-0000-0000-0000-000000000001}.Release|x64.ActiveCfg = Release|Any CPU
		{A0000001-0000-0000-0000-000000000001}.Release|x64.Build.0 = Release|Any CPU
		{A0000001-0000-0000-0000-000000000001}.Release|x86.ActiveCfg = Release|Any CPU
		{A0000001-0000-0000-0000-000000000001}.Release|x86.Build.0 = Release|Any CPU
		{A0000002-0000-0000-0000-000000000002}.Debug|Any CPU.ActiveCfg = Debug|Any CPU
		{A0000002-0000-0000-0000-000000000002}.Debug|Any CPU.Build.0 = Debug|Any CPU
		{A0000002-0000-0000-0000-000000000002}.Debug|x64.ActiveCfg = Debug|Any CPU
		{A0000002-0000-0000-0000-000000000002}.Debug|x64.Build.0 = Debug|Any CPU
		{A0000002-0000-0000-0000-000000000002}.Debug|x86.ActiveCfg = Debug|Any CPU
		{A0000002-0000-0000-0000-000000000002}.Debug|x86.Build.0 = Debug|Any CPU
		{A0000002-0000-0000-0000-000000000002}.Release|Any CPU.ActiveCfg = Release|Any CPU
		{A0000002-0000-0000-0000-000000000002}.Release|Any CPU.Build.0 = Release|Any CPU
		{A0000002-0000-0000-0000-000000000002}.Release|x64.ActiveCfg = Release|Any CPU
		{A0000002-0000-0000-0000-000000000002}.Release|x64.Build.0 = Release|Any CPU
		{A0000002-0000-0000-0000-000000000002}.Release|x86.ActiveCfg = Release|Any CPU
		{A0000002-0000-0000-0000-000000000002}.Release|x86.Build.0 = Release|Any CPU
		{A0000003-0000-0000-0000-000000000003}.Debug|Any CPU.ActiveCfg = Debug|Any CPU
		{A0000003-0000-0000-0000-000000000003}.Debug|Any CPU.Build.0 = Debug|Any CPU
		{A0000003-0000-0000-0000-000000000003}.Debug|x64.ActiveCfg = Debug|Any CPU
		{A0000003-0000-0000-0000-000000000003}.Debug|x64.Build.0 = Debug|Any CPU
		{A0000003-0000-0000-0000-000000000003}.Debug|x86.ActiveCfg = Debug|Any CPU
		{A0000003-0000-0000-0000-000000000003}.Debug|x86.Build.0 = Debug|Any CPU
		{A0000003-0000-0000-0000-000000000003}.Release|Any CPU.ActiveCfg = Release|Any CPU
		{A0000003-0000-0000-0000-000000000003}.Release|Any CPU.Build.0 = Release|Any CPU
		{A0000003-0000-0000-0000-000000000003}.Release|x64.ActiveCfg = Release|Any CPU
		{A0000003-0000-0000-0000-000000000003}.Release|x64.Build.0 = Release|Any CPU
		{A0000003-0000-0000-0000-000000000003}.Release|x86.ActiveCfg = Release|Any CPU
		{A0000003-0000-0000-0000-000000000003}.Release|x86.Build.0 = Release|Any CPU
		{A0000004-0000-0000-0000-000000000004}.Debug|Any CPU.ActiveCfg = Debug|Any CPU
		{A0000004-0000-0000-0000-000000000004}.Debug|Any CPU.Build.0 = Debug|Any CPU
		{A0000004-0000-0000-0000-000000000004}.Debug|x64.ActiveCfg = Debug|Any CPU
		{A0000004-0000-0000-0000-000000000004}.Debug|x64.Build.0 = Debug|Any CPU
		{A0000004-0000-0000-0000-000000000004}.Debug|x86.ActiveCfg = Debug|Any CPU
		{A0000004-0000-0000-0000-000000000004}.Debug|x86.Build.0 = Debug|Any CPU
		{A0000004-0000-0000-0000-000000000004}.Release|Any CPU.ActiveCfg = Release|Any CPU
		{A0000004-0000-0000-0000-000000000004}.Release|Any CPU.Build.0 = Release|Any CPU
		{A0000004-0000-0000-0000-000000000004}.Release|x64.ActiveCfg = Release|Any CPU
		{A0000004-0000-0000-0000-000000000004}.Release|x64.Build.0 = Release|Any CPU
		{A0000004-0000-0000-0000-000000000004}.Release|x86.ActiveCfg = Release|Any CPU
		{A0000004-0000-0000-0000-000000000004}.Release|x86.Build.0 = Release|Any CPU
		{A0000005-0000-0000-0000-000000000005}.Debug|Any CPU.ActiveCfg = Debug|Any CPU
		{A0000005-0000-0000-0000-000000000005}.Debug|Any CPU.Build.0 = Debug|Any CPU
		{A0000005-0000-0000-0000-000000000005}.Debug|x64.ActiveCfg = Debug|Any CPU
		{A0000005-0000-0000-0000-000000000005}.Debug|x64.Build.0 = Debug|Any CPU
		{A0000005-0000-0000-0000-000000000005}.Debug|x86.ActiveCfg = Debug|Any CPU
		{A0000005-0000-0000-0000-000000000005}.Debug|x86.Build.0 = Debug|Any CPU
		{A0000005-0000-0000-0000-000000000005}.Release|Any CPU.ActiveCfg = Release|Any CPU
		{A0000005-0000-0000-0000-000000000005}.Release|Any CPU.Build.0 = Release|Any CPU
		{A0000005-0000-0000-0000-000000000005}.Release|x64.ActiveCfg = Release|Any CPU
		{A0000005-0000-0000-0000-000000000005}.Release|x64.Build.0 = Release|Any CPU
		{A0000005-0000-0000-0000-000000000005}.Release|x86.ActiveCfg = Release|Any CPU
		{A0000005-0000-0000-0000-000000000005}.Release|x86.Build.0 = Release|Any CPU
		{A0000006-0000-0000-0000-000000000006}.Debug|Any CPU.ActiveCfg = Debug|Any CPU
		{A0000006-0000-0000-0000-000000000006}.Debug|Any CPU.Build.0 = Debug|Any CPU
		{A0000006-0000-0000-0000-000000000006}.Debug|x64.ActiveCfg = Debug|Any CPU
		{A0000006-0000-0000-0000-000000000006}.Debug|x64.Build.0 = Debug|Any CPU
		{A0000006-0000-0000-0000-000000000006}.Debug|x86.ActiveCfg = Debug|Any CPU
		{A0000006-0000-0000-0000-000000000006}.Debug|x86.Build.0 = Debug|Any CPU
		{A0000006-0000-0000-0000-000000000006}.Release|Any CPU.ActiveCfg = Release|Any CPU
		{A0000006-0000-0000-0000-000000000006}.Release|Any CPU.Build.0 = Release|Any CPU
		{A0000006-0000-0000-0000-000000000006}.Release|x64.ActiveCfg = Release|Any CPU
		{A0000006-0000-0000-0000-000000000006}.Release|x64.Build.0 = Release|Any CPU
		{A0000006-0000-0000-0000-000000000006}.Release|x86.ActiveCfg = Release|Any CPU
		{A0000006-0000-0000-0000-000000000006}.Release|x86.Build.0 = Release|Any CPU
		{A0000007-0000-0000-0000-000000000007}.Debug|Any CPU.ActiveCfg = Debug|Any CPU
		{A0000007-0000-0000-0000-000000000007}.Debug|Any CPU.Build.0 = Debug|Any CPU
		{A0000007-0000-0000-0000-000000000007}.Debug|x64.ActiveCfg = Debug|Any CPU
		{A0000007-0000-0000-0000-000000000007}.Debug|x64.Build.0 = Debug|Any CPU
		{A0000007-0000-0000-0000-000000000007}.Debug|x86.ActiveCfg = Debug|Any CPU
		{A0000007-0000-0000-0000-000000000007}.Debug|x86.Build.0 = Debug|Any CPU
		{A0000007-0000-0000-0000-000000000007}.Release|Any CPU.ActiveCfg = Release|Any CPU
		{A0000007-0000-0000-0000-000000000007}.Release|Any CPU.Build.0 = Release|Any CPU
		{A0000007-0000-0000-0000-000000000007}.Release|x64.ActiveCfg = Release|Any CPU
		{A0000007-0000-0000-0000-000000000007}.Release|x64.Build.0 = Release|Any CPU
		{A0000007-0000-0000-0000-000000000007}.Release|x86.ActiveCfg = Release|Any CPU
		{A0000007-0000-0000-0000-000000000007}.Release|x86.Build.0 = Release|Any CPU
		{A0000008-0000-0000-0000-000000000008}.Debug|Any CPU.ActiveCfg = Debug|Any CPU
		{A0000008-0000-0000-0000-000000000008}.Debug|Any CPU.Build.0 = Debug|Any CPU
		{A0000008-0000-0000-0000-000000000008}.Debug|x64.ActiveCfg = Debug|Any CPU
		{A0000008-0000-0000-0000-000000000008}.Debug|x64.Build.0 = Debug|Any CPU
		{A0000008-0000-0000-0000-000000000008}.Debug|x86.ActiveCfg = Debug|Any CPU
		{A0000008-0000-0000-0000-000000000008}.Debug|x86.Build.0 = Debug|Any CPU
		{A0000008-0000-0000-0000-000000000008}.Release|Any CPU.ActiveCfg = Release|Any CPU
		{A0000008-0000-0000-0000-000000000008}.Release|Any CPU.Build.0 = Release|Any CPU
		{A0000008-0000-0000-0000-000000000008}.Release|x64.ActiveCfg = Release|Any CPU
		{A0000008-0000-0000-0000-000000000008}.Release|x64.Build.0 = Release|Any CPU
		{A0000008-0000-0000-0000-000000000008}.Release|x86.ActiveCfg = Release|Any CPU
		{A0000008-0000-0000-0000-000000000008}.Release|x86.Build.0 = Release|Any CPU
		{A0000009-0000-0000-0000-000000000009}.Debug|Any CPU.ActiveCfg = Debug|Any CPU
		{A0000009-0000-0000-0000-000000000009}.Debug|Any CPU.Build.0 = Debug|Any CPU
		{A0000009-0000-0000-0000-000000000009}.Debug|x64.ActiveCfg = Debug|Any CPU
		{A0000009-0000-0000-0000-000000000009}.Debug|x64.Build.0 = Debug|Any CPU
		{A0000009-0000-0000-0000-000000000009}.Debug|x86.ActiveCfg = Debug|Any CPU
		{A0000009-0000-0000-0000-000000000009}.Debug|x86.Build.0 = Debug|Any CPU
		{A0000009-0000-0000-0000-000000000009}.Release|Any CPU.ActiveCfg = Release|Any CPU
		{A0000009-0000-0000-0000-000000000009}.Release|Any CPU.Build.0 = Release|Any CPU
		{A0000009-0000-0000-0000-000000000009}.Release|x64.ActiveCfg = Release|Any CPU
		{A0000009-0000-0000-0000-000000000009}.Release|x64.Build.0 = Release|Any CPU
		{A0000009-0000-0000-0000-000000000009}.Release|x86.ActiveCfg = Release|Any CPU
		{A0000009-0000-0000-0000-000000000009}.Release|x86.Build.0 = Release|Any CPU
		{A0000010-0000-0000-0000-000000000010}.Debug|Any CPU.ActiveCfg = Debug|Any CPU
		{A0000010-0000-0000-0000-000000000010}.Debug|Any CPU.Build.0 = Debug|Any CPU
		{A0000010-0000-0000-0000-000000000010}.Debug|x64.ActiveCfg = Debug|Any CPU
		{A0000010-0000-0000-0000-000000000010}.Debug|x64.Build.0 = Debug|Any CPU
		{A0000010-0000-0000-0000-000000000010}.Debug|x86.ActiveCfg = Debug|Any CPU
		{A0000010-0000-0000-0000-000000000010}.Debug|x86.Build.0 = Debug|Any CPU
		{A0000010-0000-0000-0000-000000000010}.Release|Any CPU.ActiveCfg = Release|Any CPU
		{A0000010-0000-0000-0000-000000000010}.Release|Any CPU.Build.0 = Release|Any CPU
		{A0000010-0000-0000-0000-000000000010}.Release|x64.ActiveCfg = Release|Any CPU
		{A0000010-0000-0000-0000-000000000010}.Release|x64.Build.0 = Release|Any CPU
		{A0000010-0000-0000-0000-000000000010}.Release|x86.ActiveCfg = Release|Any CPU
		{A0000010-0000-0000-0000-000000000010}.Release|x86.Build.0 = Release|Any CPU
		{B0000001-0000-0000-0000-000000000001}.Debug|Any CPU.ActiveCfg = Debug|Any CPU
		{B0000001-0000-0000-0000-000000000001}.Debug|Any CPU.Build.0 = Debug|Any CPU
		{B0000001-0000-0000-0000-000000000001}.Debug|x64.ActiveCfg = Debug|Any CPU
		{B0000001-0000-0000-0000-000000000001}.Debug|x64.Build.0 = Debug|Any CPU
		{B0000001-0000-0000-0000-000000000001}.Debug|x86.ActiveCfg = Debug|Any CPU
		{B0000001-0000-0000-0000-000000000001}.Debug|x86.Build.0 = Debug|Any CPU
		{B0000001-0000-0000-0000-000000000001}.Release|Any CPU.ActiveCfg = Release|Any CPU
		{B0000001-0000-0000-0000-000000000001}.Release|Any CPU.Build.0 = Release|Any CPU
		{B0000001-0000-0000-0000-000000000001}.Release|x64.ActiveCfg = Release|Any CPU
		{B0000001-0000-0000-0000-000000000001}.Release|x64.Build.0 = Release|Any CPU
		{B0000001-0000-0000-0000-000000000001}.Release|x86.ActiveCfg = Release|Any CPU
		{B0000001-0000-0000-0000-000000000001}.Release|x86.Build.0 = Release|Any CPU
		{B0000002-0000-0000-0000-000000000002}.Debug|Any CPU.ActiveCfg = Debug|Any CPU
		{B0000002-0000-0000-0000-000000000002}.Debug|Any CPU.Build.0 = Debug|Any CPU
		{B0000002-0000-0000-0000-000000000002}.Debug|x64.ActiveCfg = Debug|Any CPU
		{B0000002-0000-0000-0000-000000000002}.Debug|x64.Build.0 = Debug|Any CPU
		{B0000002-0000-0000-0000-000000000002}.Debug|x86.ActiveCfg = Debug|Any CPU
		{B0000002-0000-0000-0000-000000000002}.Debug|x86.Build.0 = Debug|Any CPU
		{B0000002-0000-0000-0000-000000000002}.Release|Any CPU.ActiveCfg = Release|Any CPU
		{B0000002-0000-0000-0000-000000000002}.Release|Any CPU.Build.0 = Release|Any CPU
		{B0000002-0000-0000-0000-000000000002}.Release|x64.ActiveCfg = Release|Any CPU
		{B0000002-0000-0000-0000-000000000002}.Release|x64.Build.0 = Release|Any CPU
		{B0000002-0000-0000-0000-000000000002}.Release|x86.ActiveCfg = Release|Any CPU
		{B0000002-0000-0000-0000-000000000002}.Release|x86.Build.0 = Release|Any CPU
		{B0000003-0000-0000-0000-000000000003}.Debug|Any CPU.ActiveCfg = Debug|Any CPU
		{B0000003-0000-0000-0000-000000000003}.Debug|Any CPU.Build.0 = Debug|Any CPU
		{B0000003-0000-0000-0000-000000000003}.Debug|x64.ActiveCfg = Debug|Any CPU
		{B0000003-0000-0000-0000-000000000003}.Debug|x64.Build.0 = Debug|Any CPU
		{B0000003-0000-0000-0000-000000000003}.Debug|x86.ActiveCfg = Debug|Any CPU
		{B0000003-0000-0000-0000-000000000003}.Debug|x86.Build.0 = Debug|Any CPU
		{B0000003-0000-0000-0000-000000000003}.Release|Any CPU.ActiveCfg = Release|Any CPU
		{B0000003-0000-0000-0000-000000000003}.Release|Any CPU.Build.0 = Release|Any CPU
		{B0000003-0000-0000-0000-000000000003}.Release|x64.ActiveCfg = Release|Any CPU
		{B0000003-0000-0000-0000-000000000003}.Release|x64.Build.0 = Release|Any CPU
		{B0000003-0000-0000-0000-000000000003}.Release|x86.ActiveCfg = Release|Any CPU
		{B0000003-0000-0000-0000-000000000003}.Release|x86.Build.0 = Release|Any CPU
		{B0000004-0000-0000-0000-000000000004}.Debug|Any CPU.ActiveCfg = Debug|Any CPU
		{B0000004-0000-0000-0000-000000000004}.Debug|Any CPU.Build.0 = Debug|Any CPU
		{B0000004-0000-0000-0000-000000000004}.Debug|x64.ActiveCfg = Debug|Any CPU
		{B0000004-0000-0000-0000-000000000004}.Debug|x64.Build.0 = Debug|Any CPU
		{B0000004-0000-0000-0000-000000000004}.Debug|x86.ActiveCfg = Debug|Any CPU
		{B0000004-0000-0000-0000-000000000004}.Debug|x86.Build.0 = Debug|Any CPU
		{B0000004-0000-0000-0000-000000000004}.Release|Any CPU.ActiveCfg = Release|Any CPU
		{B0000004-0000-0000-0000-000000000004}.Release|Any CPU.Build.0 = Release|Any CPU
		{B0000004-0000-0000-0000-000000000004}.Release|x64.ActiveCfg = Release|Any CPU
		{B0000004-0000-0000-0000-000000000004}.Release|x64.Build.0 = Release|Any CPU
		{B0000004-0000-0000-0000-000000000004}.Release|x86.ActiveCfg = Release|Any CPU
		{B0000004-0000-0000-0000-000000000004}.Release|x86.Build.0 = Release|Any CPU
		{B0000005-0000-0000-0000-000000000005}.Debug|Any CPU.ActiveCfg = Debug|Any CPU
		{B0000005-0000-0000-0000-000000000005}.Debug|Any CPU.Build.0 = Debug|Any CPU
		{B0000005-0000-0000-0000-000000000005}.Debug|x64.ActiveCfg = Debug|Any CPU
		{B0000005-0000-0000-0000-000000000005}.Debug|x64.Build.0 = Debug|Any CPU
		{B0000005-0000-0000-0000-000000000005}.Debug|x86.ActiveCfg = Debug|Any CPU
		{B0000005-0000-0000-0000-000000000005}.Debug|x86.Build.0 = Debug|Any CPU
		{B0000005-0000-0000-0000-000000000005}.Release|Any CPU.ActiveCfg = Release|Any CPU
		{B0000005-0000-0000-0000-000000000005}.Release|Any CPU.Build.0 = Release|Any CPU
		{B0000005-0000-0000-0000-000000000005}.Release|x64.ActiveCfg = Release|Any CPU
		{B0000005-0000-0000-0000-000000000005}.Release|x64.Build.0 = Release|Any CPU
		{B0000005-0000-0000-0000-000000000005}.Release|x86.ActiveCfg = Release|Any CPU
		{B0000005-0000-0000-0000-000000000005}.Release|x86.Build.0 = Release|Any CPU
		{18882C6E-598E-478D-B486-28FB9E919BB6}.Debug|Any CPU.ActiveCfg = Debug|Any CPU
		{18882C6E-598E-478D-B486-28FB9E919BB6}.Debug|Any CPU.Build.0 = Debug|Any CPU
		{18882C6E-598E-478D-B486-28FB9E919BB6}.Debug|x64.ActiveCfg = Debug|Any CPU
		{18882C6E-598E-478D-B486-28FB9E919BB6}.Debug|x64.Build.0 = Debug|Any CPU
		{18882C6E-598E-478D-B486-28FB9E919BB6}.Debug|x86.ActiveCfg = Debug|Any CPU
		{18882C6E-598E-478D-B486-28FB9E919BB6}.Debug|x86.Build.0 = Debug|Any CPU
		{18882C6E-598E-478D-B486-28FB9E919BB6}.Release|Any CPU.ActiveCfg = Release|Any CPU
		{18882C6E-598E-478D-B486-28FB9E919BB6}.Release|Any CPU.Build.0 = Release|Any CPU
		{18882C6E-598E-478D-B486-28FB9E919BB6}.Release|x64.ActiveCfg = Release|Any CPU
		{18882C6E-598E-478D-B486-28FB9E919BB6}.Release|x64.Build.0 = Release|Any CPU
		{18882C6E-598E-478D-B486-28FB9E919BB6}.Release|x86.ActiveCfg = Release|Any CPU
		{18882C6E-598E-478D-B486-28FB9E919BB6}.Release|x86.Build.0 = Release|Any CPU
		{140E9757-183F-4949-9793-448F38055488}.Debug|Any CPU.ActiveCfg = Debug|Any CPU
		{140E9757-183F-4949-9793-448F38055488}.Debug|Any CPU.Build.0 = Debug|Any CPU
		{140E9757-183F-4949-9793-448F38055488}.Debug|x64.ActiveCfg = Debug|Any CPU
		{140E9757-183F-4949-9793-448F38055488}.Debug|x64.Build.0 = Debug|Any CPU
		{140E9757-183F-4949-9793-448F38055488}.Debug|x86.ActiveCfg = Debug|Any CPU
		{140E9757-183F-4949-9793-448F38055488}.Debug|x86.Build.0 = Debug|Any CPU
		{140E9757-183F-4949-9793-448F38055488}.Release|Any CPU.ActiveCfg = Release|Any CPU
		{140E9757-183F-4949-9793-448F38055488}.Release|Any CPU.Build.0 = Release|Any CPU
		{140E9757-183F-4949-9793-448F38055488}.Release|x64.ActiveCfg = Release|Any CPU
		{140E9757-183F-4949-9793-448F38055488}.Release|x64.Build.0 = Release|Any CPU
		{140E9757-183F-4949-9793-448F38055488}.Release|x86.ActiveCfg = Release|Any CPU
		{140E9757-183F-4949-9793-448F38055488}.Release|x86.Build.0 = Release|Any CPU
		{79083E0C-77CD-404D-B528-2FD7D690093C}.Debug|Any CPU.ActiveCfg = Debug|Any CPU
		{79083E0C-77CD-404D-B528-2FD7D690093C}.Debug|Any CPU.Build.0 = Debug|Any CPU
		{79083E0C-77CD-404D-B528-2FD7D690093C}.Debug|x64.ActiveCfg = Debug|Any CPU
		{79083E0C-77CD-404D-B528-2FD7D690093C}.Debug|x64.Build.0 = Debug|Any CPU
		{79083E0C-77CD-404D-B528-2FD7D690093C}.Debug|x86.ActiveCfg = Debug|Any CPU
		{79083E0C-77CD-404D-B528-2FD7D690093C}.Debug|x86.Build.0 = Debug|Any CPU
		{79083E0C-77CD-404D-B528-2FD7D690093C}.Release|Any CPU.ActiveCfg = Release|Any CPU
		{79083E0C-77CD-404D-B528-2FD7D690093C}.Release|Any CPU.Build.0 = Release|Any CPU
		{79083E0C-77CD-404D-B528-2FD7D690093C}.Release|x64.ActiveCfg = Release|Any CPU
		{79083E0C-77CD-404D-B528-2FD7D690093C}.Release|x64.Build.0 = Release|Any CPU
		{79083E0C-77CD-404D-B528-2FD7D690093C}.Release|x86.ActiveCfg = Release|Any CPU
		{79083E0C-77CD-404D-B528-2FD7D690093C}.Release|x86.Build.0 = Release|Any CPU
		{40022DCC-7CA4-4657-A0AA-3977A9E984C0}.Debug|Any CPU.ActiveCfg = Debug|Any CPU
		{40022DCC-7CA4-4657-A0AA-3977A9E984C0}.Debug|Any CPU.Build.0 = Debug|Any CPU
		{40022DCC-7CA4-4657-A0AA-3977A9E984C0}.Debug|x64.ActiveCfg = Debug|Any CPU
		{40022DCC-7CA4-4657-A0AA-3977A9E984C0}.Debug|x64.Build.0 = Debug|Any CPU
		{40022DCC-7CA4-4657-A0AA-3977A9E984C0}.Debug|x86.ActiveCfg = Debug|Any CPU
		{40022DCC-7CA4-4657-A0AA-3977A9E984C0}.Debug|x86.Build.0 = Debug|Any CPU
		{40022DCC-7CA4-4657-A0AA-3977A9E984C0}.Release|Any CPU.ActiveCfg = Release|Any CPU
		{40022DCC-7CA4-4657-A0AA-3977A9E984C0}.Release|Any CPU.Build.0 = Release|Any CPU
		{40022DCC-7CA4-4657-A0AA-3977A9E984C0}.Release|x64.ActiveCfg = Release|Any CPU
		{40022DCC-7CA4-4657-A0AA-3977A9E984C0}.Release|x64.Build.0 = Release|Any CPU
		{40022DCC-7CA4-4657-A0AA-3977A9E984C0}.Release|x86.ActiveCfg = Release|Any CPU
		{40022DCC-7CA4-4657-A0AA-3977A9E984C0}.Release|x86.Build.0 = Release|Any CPU
		{E8BD8CBF-1C4F-499D-8ED0-8ADF70CB27B0}.Debug|Any CPU.ActiveCfg = Debug|Any CPU
		{E8BD8CBF-1C4F-499D-8ED0-8ADF70CB27B0}.Debug|Any CPU.Build.0 = Debug|Any CPU
		{E8BD8CBF-1C4F-499D-8ED0-8ADF70CB27B0}.Debug|x64.ActiveCfg = Debug|Any CPU
		{E8BD8CBF-1C4F-499D-8ED0-8ADF70CB27B0}.Debug|x64.Build.0 = Debug|Any CPU
		{E8BD8CBF-1C4F-499D-8ED0-8ADF70CB27B0}.Debug|x86.ActiveCfg = Debug|Any CPU
		{E8BD8CBF-1C4F-499D-8ED0-8ADF70CB27B0}.Debug|x86.Build.0 = Debug|Any CPU
		{E8BD8CBF-1C4F-499D-8ED0-8ADF70CB27B0}.Release|Any CPU.ActiveCfg = Release|Any CPU
		{E8BD8CBF-1C4F-499D-8ED0-8ADF70CB27B0}.Release|Any CPU.Build.0 = Release|Any CPU
		{E8BD8CBF-1C4F-499D-8ED0-8ADF70CB27B0}.Release|x64.ActiveCfg = Release|Any CPU
		{E8BD8CBF-1C4F-499D-8ED0-8ADF70CB27B0}.Release|x64.Build.0 = Release|Any CPU
		{E8BD8CBF-1C4F-499D-8ED0-8ADF70CB27B0}.Release|x86.ActiveCfg = Release|Any CPU
		{E8BD8CBF-1C4F-499D-8ED0-8ADF70CB27B0}.Release|x86.Build.0 = Release|Any CPU
		{C73D41BD-1526-440F-90B9-87157CB2465A}.Debug|Any CPU.ActiveCfg = Debug|Any CPU
		{C73D41BD-1526-440F-90B9-87157CB2465A}.Debug|Any CPU.Build.0 = Debug|Any CPU
		{C73D41BD-1526-440F-90B9-87157CB2465A}.Debug|x64.ActiveCfg = Debug|Any CPU
		{C73D41BD-1526-440F-90B9-87157CB2465A}.Debug|x64.Build.0 = Debug|Any CPU
		{C73D41BD-1526-440F-90B9-87157CB2465A}.Debug|x86.ActiveCfg = Debug|Any CPU
		{C73D41BD-1526-440F-90B9-87157CB2465A}.Debug|x86.Build.0 = Debug|Any CPU
		{C73D41BD-1526-440F-90B9-87157CB2465A}.Release|Any CPU.ActiveCfg = Release|Any CPU
		{C73D41BD-1526-440F-90B9-87157CB2465A}.Release|Any CPU.Build.0 = Release|Any CPU
		{C73D41BD-1526-440F-90B9-87157CB2465A}.Release|x64.ActiveCfg = Release|Any CPU
		{C73D41BD-1526-440F-90B9-87157CB2465A}.Release|x64.Build.0 = Release|Any CPU
		{C73D41BD-1526-440F-90B9-87157CB2465A}.Release|x86.ActiveCfg = Release|Any CPU
		{C73D41BD-1526-440F-90B9-87157CB2465A}.Release|x86.Build.0 = Release|Any CPU
		{14445CD3-0E88-4631-8F56-A0D9441B4184}.Debug|Any CPU.ActiveCfg = Debug|Any CPU
		{14445CD3-0E88-4631-8F56-A0D9441B4184}.Debug|Any CPU.Build.0 = Debug|Any CPU
		{14445CD3-0E88-4631-8F56-A0D9441B4184}.Debug|x64.ActiveCfg = Debug|Any CPU
		{14445CD3-0E88-4631-8F56-A0D9441B4184}.Debug|x64.Build.0 = Debug|Any CPU
		{14445CD3-0E88-4631-8F56-A0D9441B4184}.Debug|x86.ActiveCfg = Debug|Any CPU
		{14445CD3-0E88-4631-8F56-A0D9441B4184}.Debug|x86.Build.0 = Debug|Any CPU
		{14445CD3-0E88-4631-8F56-A0D9441B4184}.Release|Any CPU.ActiveCfg = Release|Any CPU
		{14445CD3-0E88-4631-8F56-A0D9441B4184}.Release|Any CPU.Build.0 = Release|Any CPU
		{14445CD3-0E88-4631-8F56-A0D9441B4184}.Release|x64.ActiveCfg = Release|Any CPU
		{14445CD3-0E88-4631-8F56-A0D9441B4184}.Release|x64.Build.0 = Release|Any CPU
		{14445CD3-0E88-4631-8F56-A0D9441B4184}.Release|x86.ActiveCfg = Release|Any CPU
		{14445CD3-0E88-4631-8F56-A0D9441B4184}.Release|x86.Build.0 = Release|Any CPU
		{4245495C-9EBD-42A8-8690-F89FC81C5D12}.Debug|Any CPU.ActiveCfg = Debug|Any CPU
		{4245495C-9EBD-42A8-8690-F89FC81C5D12}.Debug|Any CPU.Build.0 = Debug|Any CPU
		{4245495C-9EBD-42A8-8690-F89FC81C5D12}.Debug|x64.ActiveCfg = Debug|Any CPU
		{4245495C-9EBD-42A8-8690-F89FC81C5D12}.Debug|x64.Build.0 = Debug|Any CPU
		{4245495C-9EBD-42A8-8690-F89FC81C5D12}.Debug|x86.ActiveCfg = Debug|Any CPU
		{4245495C-9EBD-42A8-8690-F89FC81C5D12}.Debug|x86.Build.0 = Debug|Any CPU
		{4245495C-9EBD-42A8-8690-F89FC81C5D12}.Release|Any CPU.ActiveCfg = Release|Any CPU
		{4245495C-9EBD-42A8-8690-F89FC81C5D12}.Release|Any CPU.Build.0 = Release|Any CPU
		{4245495C-9EBD-42A8-8690-F89FC81C5D12}.Release|x64.ActiveCfg = Release|Any CPU
		{4245495C-9EBD-42A8-8690-F89FC81C5D12}.Release|x64.Build.0 = Release|Any CPU
		{4245495C-9EBD-42A8-8690-F89FC81C5D12}.Release|x86.ActiveCfg = Release|Any CPU
		{4245495C-9EBD-42A8-8690-F89FC81C5D12}.Release|x86.Build.0 = Release|Any CPU
		{A729EC1B-369C-4508-9421-75DDD6DA55E9}.Debug|Any CPU.ActiveCfg = Debug|Any CPU
		{A729EC1B-369C-4508-9421-75DDD6DA55E9}.Debug|Any CPU.Build.0 = Debug|Any CPU
		{A729EC1B-369C-4508-9421-75DDD6DA55E9}.Debug|x64.ActiveCfg = Debug|Any CPU
		{A729EC1B-369C-4508-9421-75DDD6DA55E9}.Debug|x64.Build.0 = Debug|Any CPU
		{A729EC1B-369C-4508-9421-75DDD6DA55E9}.Debug|x86.ActiveCfg = Debug|Any CPU
		{A729EC1B-369C-4508-9421-75DDD6DA55E9}.Debug|x86.Build.0 = Debug|Any CPU
		{A729EC1B-369C-4508-9421-75DDD6DA55E9}.Release|Any CPU.ActiveCfg = Release|Any CPU
		{A729EC1B-369C-4508-9421-75DDD6DA55E9}.Release|Any CPU.Build.0 = Release|Any CPU
		{A729EC1B-369C-4508-9421-75DDD6DA55E9}.Release|x64.ActiveCfg = Release|Any CPU
		{A729EC1B-369C-4508-9421-75DDD6DA55E9}.Release|x64.Build.0 = Release|Any CPU
		{A729EC1B-369C-4508-9421-75DDD6DA55E9}.Release|x86.ActiveCfg = Release|Any CPU
		{A729EC1B-369C-4508-9421-75DDD6DA55E9}.Release|x86.Build.0 = Release|Any CPU
		{F01B035B-FBC4-4D1F-9F5C-A3D57C464B46}.Debug|Any CPU.ActiveCfg = Debug|Any CPU
		{F01B035B-FBC4-4D1F-9F5C-A3D57C464B46}.Debug|Any CPU.Build.0 = Debug|Any CPU
		{F01B035B-FBC4-4D1F-9F5C-A3D57C464B46}.Debug|x64.ActiveCfg = Debug|Any CPU
		{F01B035B-FBC4-4D1F-9F5C-A3D57C464B46}.Debug|x64.Build.0 = Debug|Any CPU
		{F01B035B-FBC4-4D1F-9F5C-A3D57C464B46}.Debug|x86.ActiveCfg = Debug|Any CPU
		{F01B035B-FBC4-4D1F-9F5C-A3D57C464B46}.Debug|x86.Build.0 = Debug|Any CPU
		{F01B035B-FBC4-4D1F-9F5C-A3D57C464B46}.Release|Any CPU.ActiveCfg = Release|Any CPU
		{F01B035B-FBC4-4D1F-9F5C-A3D57C464B46}.Release|Any CPU.Build.0 = Release|Any CPU
		{F01B035B-FBC4-4D1F-9F5C-A3D57C464B46}.Release|x64.ActiveCfg = Release|Any CPU
		{F01B035B-FBC4-4D1F-9F5C-A3D57C464B46}.Release|x64.Build.0 = Release|Any CPU
		{F01B035B-FBC4-4D1F-9F5C-A3D57C464B46}.Release|x86.ActiveCfg = Release|Any CPU
		{F01B035B-FBC4-4D1F-9F5C-A3D57C464B46}.Release|x86.Build.0 = Release|Any CPU
		{013E3E52-719E-423C-8471-40B2600666A7}.Debug|Any CPU.ActiveCfg = Debug|Any CPU
		{013E3E52-719E-423C-8471-40B2600666A7}.Debug|Any CPU.Build.0 = Debug|Any CPU
		{013E3E52-719E-423C-8471-40B2600666A7}.Debug|x64.ActiveCfg = Debug|Any CPU
		{013E3E52-719E-423C-8471-40B2600666A7}.Debug|x64.Build.0 = Debug|Any CPU
		{013E3E52-719E-423C-8471-40B2600666A7}.Debug|x86.ActiveCfg = Debug|Any CPU
		{013E3E52-719E-423C-8471-40B2600666A7}.Debug|x86.Build.0 = Debug|Any CPU
		{013E3E52-719E-423C-8471-40B2600666A7}.Release|Any CPU.ActiveCfg = Release|Any CPU
		{013E3E52-719E-423C-8471-40B2600666A7}.Release|Any CPU.Build.0 = Release|Any CPU
		{013E3E52-719E-423C-8471-40B2600666A7}.Release|x64.ActiveCfg = Release|Any CPU
		{013E3E52-719E-423C-8471-40B2600666A7}.Release|x64.Build.0 = Release|Any CPU
		{013E3E52-719E-423C-8471-40B2600666A7}.Release|x86.ActiveCfg = Release|Any CPU
		{013E3E52-719E-423C-8471-40B2600666A7}.Release|x86.Build.0 = Release|Any CPU
		{453AF624-9B49-41BC-B36C-F56531F768EE}.Debug|Any CPU.ActiveCfg = Debug|Any CPU
		{453AF624-9B49-41BC-B36C-F56531F768EE}.Debug|Any CPU.Build.0 = Debug|Any CPU
		{453AF624-9B49-41BC-B36C-F56531F768EE}.Debug|x64.ActiveCfg = Debug|Any CPU
		{453AF624-9B49-41BC-B36C-F56531F768EE}.Debug|x64.Build.0 = Debug|Any CPU
		{453AF624-9B49-41BC-B36C-F56531F768EE}.Debug|x86.ActiveCfg = Debug|Any CPU
		{453AF624-9B49-41BC-B36C-F56531F768EE}.Debug|x86.Build.0 = Debug|Any CPU
		{453AF624-9B49-41BC-B36C-F56531F768EE}.Release|Any CPU.ActiveCfg = Release|Any CPU
		{453AF624-9B49-41BC-B36C-F56531F768EE}.Release|Any CPU.Build.0 = Release|Any CPU
		{453AF624-9B49-41BC-B36C-F56531F768EE}.Release|x64.ActiveCfg = Release|Any CPU
		{453AF624-9B49-41BC-B36C-F56531F768EE}.Release|x64.Build.0 = Release|Any CPU
		{453AF624-9B49-41BC-B36C-F56531F768EE}.Release|x86.ActiveCfg = Release|Any CPU
		{453AF624-9B49-41BC-B36C-F56531F768EE}.Release|x86.Build.0 = Release|Any CPU
		{B5E7245B-F896-4421-B646-908AC830F76C}.Debug|Any CPU.ActiveCfg = Debug|Any CPU
		{B5E7245B-F896-4421-B646-908AC830F76C}.Debug|Any CPU.Build.0 = Debug|Any CPU
		{B5E7245B-F896-4421-B646-908AC830F76C}.Debug|x64.ActiveCfg = Debug|Any CPU
		{B5E7245B-F896-4421-B646-908AC830F76C}.Debug|x64.Build.0 = Debug|Any CPU
		{B5E7245B-F896-4421-B646-908AC830F76C}.Debug|x86.ActiveCfg = Debug|Any CPU
		{B5E7245B-F896-4421-B646-908AC830F76C}.Debug|x86.Build.0 = Debug|Any CPU
		{B5E7245B-F896-4421-B646-908AC830F76C}.Release|Any CPU.ActiveCfg = Release|Any CPU
		{B5E7245B-F896-4421-B646-908AC830F76C}.Release|Any CPU.Build.0 = Release|Any CPU
		{B5E7245B-F896-4421-B646-908AC830F76C}.Release|x64.ActiveCfg = Release|Any CPU
		{B5E7245B-F896-4421-B646-908AC830F76C}.Release|x64.Build.0 = Release|Any CPU
		{B5E7245B-F896-4421-B646-908AC830F76C}.Release|x86.ActiveCfg = Release|Any CPU
		{B5E7245B-F896-4421-B646-908AC830F76C}.Release|x86.Build.0 = Release|Any CPU
		{FF7A5098-83E3-4CDB-93D2-93DA7592783F}.Debug|Any CPU.ActiveCfg = Debug|Any CPU
		{FF7A5098-83E3-4CDB-93D2-93DA7592783F}.Debug|Any CPU.Build.0 = Debug|Any CPU
		{FF7A5098-83E3-4CDB-93D2-93DA7592783F}.Debug|x64.ActiveCfg = Debug|Any CPU
		{FF7A5098-83E3-4CDB-93D2-93DA7592783F}.Debug|x64.Build.0 = Debug|Any CPU
		{FF7A5098-83E3-4CDB-93D2-93DA7592783F}.Debug|x86.ActiveCfg = Debug|Any CPU
		{FF7A5098-83E3-4CDB-93D2-93DA7592783F}.Debug|x86.Build.0 = Debug|Any CPU
		{FF7A5098-83E3-4CDB-93D2-93DA7592783F}.Release|Any CPU.ActiveCfg = Release|Any CPU
		{FF7A5098-83E3-4CDB-93D2-93DA7592783F}.Release|Any CPU.Build.0 = Release|Any CPU
		{FF7A5098-83E3-4CDB-93D2-93DA7592783F}.Release|x64.ActiveCfg = Release|Any CPU
		{FF7A5098-83E3-4CDB-93D2-93DA7592783F}.Release|x64.Build.0 = Release|Any CPU
		{FF7A5098-83E3-4CDB-93D2-93DA7592783F}.Release|x86.ActiveCfg = Release|Any CPU
		{FF7A5098-83E3-4CDB-93D2-93DA7592783F}.Release|x86.Build.0 = Release|Any CPU
		{9F657819-02D3-4727-9960-1C1413CF5D85}.Debug|Any CPU.ActiveCfg = Debug|Any CPU
		{9F657819-02D3-4727-9960-1C1413CF5D85}.Debug|Any CPU.Build.0 = Debug|Any CPU
		{9F657819-02D3-4727-9960-1C1413CF5D85}.Debug|x64.ActiveCfg = Debug|Any CPU
		{9F657819-02D3-4727-9960-1C1413CF5D85}.Debug|x64.Build.0 = Debug|Any CPU
		{9F657819-02D3-4727-9960-1C1413CF5D85}.Debug|x86.ActiveCfg = Debug|Any CPU
		{9F657819-02D3-4727-9960-1C1413CF5D85}.Debug|x86.Build.0 = Debug|Any CPU
		{9F657819-02D3-4727-9960-1C1413CF5D85}.Release|Any CPU.ActiveCfg = Release|Any CPU
		{9F657819-02D3-4727-9960-1C1413CF5D85}.Release|Any CPU.Build.0 = Release|Any CPU
		{9F657819-02D3-4727-9960-1C1413CF5D85}.Release|x64.ActiveCfg = Release|Any CPU
		{9F657819-02D3-4727-9960-1C1413CF5D85}.Release|x64.Build.0 = Release|Any CPU
		{9F657819-02D3-4727-9960-1C1413CF5D85}.Release|x86.ActiveCfg = Release|Any CPU
		{9F657819-02D3-4727-9960-1C1413CF5D85}.Release|x86.Build.0 = Release|Any CPU
		{A9B72E78-A56D-4F59-965A-812B410DAE2F}.Debug|Any CPU.ActiveCfg = Debug|Any CPU
		{A9B72E78-A56D-4F59-965A-812B410DAE2F}.Debug|Any CPU.Build.0 = Debug|Any CPU
		{A9B72E78-A56D-4F59-965A-812B410DAE2F}.Debug|x64.ActiveCfg = Debug|Any CPU
		{A9B72E78-A56D-4F59-965A-812B410DAE2F}.Debug|x64.Build.0 = Debug|Any CPU
		{A9B72E78-A56D-4F59-965A-812B410DAE2F}.Debug|x86.ActiveCfg = Debug|Any CPU
		{A9B72E78-A56D-4F59-965A-812B410DAE2F}.Debug|x86.Build.0 = Debug|Any CPU
		{A9B72E78-A56D-4F59-965A-812B410DAE2F}.Release|Any CPU.ActiveCfg = Release|Any CPU
		{A9B72E78-A56D-4F59-965A-812B410DAE2F}.Release|Any CPU.Build.0 = Release|Any CPU
		{A9B72E78-A56D-4F59-965A-812B410DAE2F}.Release|x64.ActiveCfg = Release|Any CPU
		{A9B72E78-A56D-4F59-965A-812B410DAE2F}.Release|x64.Build.0 = Release|Any CPU
		{A9B72E78-A56D-4F59-965A-812B410DAE2F}.Release|x86.ActiveCfg = Release|Any CPU
		{A9B72E78-A56D-4F59-965A-812B410DAE2F}.Release|x86.Build.0 = Release|Any CPU
		{393B5D19-1A42-4870-8F07-8FD9E07904D2}.Debug|Any CPU.ActiveCfg = Debug|Any CPU
		{393B5D19-1A42-4870-8F07-8FD9E07904D2}.Debug|Any CPU.Build.0 = Debug|Any CPU
		{393B5D19-1A42-4870-8F07-8FD9E07904D2}.Debug|x64.ActiveCfg = Debug|Any CPU
		{393B5D19-1A42-4870-8F07-8FD9E07904D2}.Debug|x64.Build.0 = Debug|Any CPU
		{393B5D19-1A42-4870-8F07-8FD9E07904D2}.Debug|x86.ActiveCfg = Debug|Any CPU
		{393B5D19-1A42-4870-8F07-8FD9E07904D2}.Debug|x86.Build.0 = Debug|Any CPU
		{393B5D19-1A42-4870-8F07-8FD9E07904D2}.Release|Any CPU.ActiveCfg = Release|Any CPU
		{393B5D19-1A42-4870-8F07-8FD9E07904D2}.Release|Any CPU.Build.0 = Release|Any CPU
		{393B5D19-1A42-4870-8F07-8FD9E07904D2}.Release|x64.ActiveCfg = Release|Any CPU
		{393B5D19-1A42-4870-8F07-8FD9E07904D2}.Release|x64.Build.0 = Release|Any CPU
		{393B5D19-1A42-4870-8F07-8FD9E07904D2}.Release|x86.ActiveCfg = Release|Any CPU
		{393B5D19-1A42-4870-8F07-8FD9E07904D2}.Release|x86.Build.0 = Release|Any CPU
		{5A91E707-315F-48FD-9AA7-3807B07A3A44}.Debug|Any CPU.ActiveCfg = Debug|Any CPU
		{5A91E707-315F-48FD-9AA7-3807B07A3A44}.Debug|Any CPU.Build.0 = Debug|Any CPU
		{5A91E707-315F-48FD-9AA7-3807B07A3A44}.Debug|x64.ActiveCfg = Debug|Any CPU
		{5A91E707-315F-48FD-9AA7-3807B07A3A44}.Debug|x64.Build.0 = Debug|Any CPU
		{5A91E707-315F-48FD-9AA7-3807B07A3A44}.Debug|x86.ActiveCfg = Debug|Any CPU
		{5A91E707-315F-48FD-9AA7-3807B07A3A44}.Debug|x86.Build.0 = Debug|Any CPU
		{5A91E707-315F-48FD-9AA7-3807B07A3A44}.Release|Any CPU.ActiveCfg = Release|Any CPU
		{5A91E707-315F-48FD-9AA7-3807B07A3A44}.Release|Any CPU.Build.0 = Release|Any CPU
		{5A91E707-315F-48FD-9AA7-3807B07A3A44}.Release|x64.ActiveCfg = Release|Any CPU
		{5A91E707-315F-48FD-9AA7-3807B07A3A44}.Release|x64.Build.0 = Release|Any CPU
		{5A91E707-315F-48FD-9AA7-3807B07A3A44}.Release|x86.ActiveCfg = Release|Any CPU
		{5A91E707-315F-48FD-9AA7-3807B07A3A44}.Release|x86.Build.0 = Release|Any CPU
		{D4B3F303-B4FB-4BCB-8CFB-6D97D0629EDA}.Debug|Any CPU.ActiveCfg = Debug|Any CPU
		{D4B3F303-B4FB-4BCB-8CFB-6D97D0629EDA}.Debug|Any CPU.Build.0 = Debug|Any CPU
		{D4B3F303-B4FB-4BCB-8CFB-6D97D0629EDA}.Debug|x64.ActiveCfg = Debug|Any CPU
		{D4B3F303-B4FB-4BCB-8CFB-6D97D0629EDA}.Debug|x64.Build.0 = Debug|Any CPU
		{D4B3F303-B4FB-4BCB-8CFB-6D97D0629EDA}.Debug|x86.ActiveCfg = Debug|Any CPU
		{D4B3F303-B4FB-4BCB-8CFB-6D97D0629EDA}.Debug|x86.Build.0 = Debug|Any CPU
		{D4B3F303-B4FB-4BCB-8CFB-6D97D0629EDA}.Release|Any CPU.ActiveCfg = Release|Any CPU
		{D4B3F303-B4FB-4BCB-8CFB-6D97D0629EDA}.Release|Any CPU.Build.0 = Release|Any CPU
		{D4B3F303-B4FB-4BCB-8CFB-6D97D0629EDA}.Release|x64.ActiveCfg = Release|Any CPU
		{D4B3F303-B4FB-4BCB-8CFB-6D97D0629EDA}.Release|x64.Build.0 = Release|Any CPU
		{D4B3F303-B4FB-4BCB-8CFB-6D97D0629EDA}.Release|x86.ActiveCfg = Release|Any CPU
		{D4B3F303-B4FB-4BCB-8CFB-6D97D0629EDA}.Release|x86.Build.0 = Release|Any CPU
		{FDC0207E-2D25-4957-B9CD-370ACA80BC8E}.Debug|Any CPU.ActiveCfg = Debug|Any CPU
		{FDC0207E-2D25-4957-B9CD-370ACA80BC8E}.Debug|Any CPU.Build.0 = Debug|Any CPU
		{FDC0207E-2D25-4957-B9CD-370ACA80BC8E}.Debug|x64.ActiveCfg = Debug|Any CPU
		{FDC0207E-2D25-4957-B9CD-370ACA80BC8E}.Debug|x64.Build.0 = Debug|Any CPU
		{FDC0207E-2D25-4957-B9CD-370ACA80BC8E}.Debug|x86.ActiveCfg = Debug|Any CPU
		{FDC0207E-2D25-4957-B9CD-370ACA80BC8E}.Debug|x86.Build.0 = Debug|Any CPU
		{FDC0207E-2D25-4957-B9CD-370ACA80BC8E}.Release|Any CPU.ActiveCfg = Release|Any CPU
		{FDC0207E-2D25-4957-B9CD-370ACA80BC8E}.Release|Any CPU.Build.0 = Release|Any CPU
		{FDC0207E-2D25-4957-B9CD-370ACA80BC8E}.Release|x64.ActiveCfg = Release|Any CPU
		{FDC0207E-2D25-4957-B9CD-370ACA80BC8E}.Release|x64.Build.0 = Release|Any CPU
		{FDC0207E-2D25-4957-B9CD-370ACA80BC8E}.Release|x86.ActiveCfg = Release|Any CPU
		{FDC0207E-2D25-4957-B9CD-370ACA80BC8E}.Release|x86.Build.0 = Release|Any CPU
		{DE929E12-3004-4688-A00D-E73965491BE5}.Debug|Any CPU.ActiveCfg = Debug|Any CPU
		{DE929E12-3004-4688-A00D-E73965491BE5}.Debug|Any CPU.Build.0 = Debug|Any CPU
		{DE929E12-3004-4688-A00D-E73965491BE5}.Debug|x64.ActiveCfg = Debug|Any CPU
		{DE929E12-3004-4688-A00D-E73965491BE5}.Debug|x64.Build.0 = Debug|Any CPU
		{DE929E12-3004-4688-A00D-E73965491BE5}.Debug|x86.ActiveCfg = Debug|Any CPU
		{DE929E12-3004-4688-A00D-E73965491BE5}.Debug|x86.Build.0 = Debug|Any CPU
		{DE929E12-3004-4688-A00D-E73965491BE5}.Release|Any CPU.ActiveCfg = Release|Any CPU
		{DE929E12-3004-4688-A00D-E73965491BE5}.Release|Any CPU.Build.0 = Release|Any CPU
		{DE929E12-3004-4688-A00D-E73965491BE5}.Release|x64.ActiveCfg = Release|Any CPU
		{DE929E12-3004-4688-A00D-E73965491BE5}.Release|x64.Build.0 = Release|Any CPU
		{DE929E12-3004-4688-A00D-E73965491BE5}.Release|x86.ActiveCfg = Release|Any CPU
		{DE929E12-3004-4688-A00D-E73965491BE5}.Release|x86.Build.0 = Release|Any CPU
		{150AEFC8-86EA-4BB6-960E-685BA4D49BD6}.Debug|Any CPU.ActiveCfg = Debug|Any CPU
		{150AEFC8-86EA-4BB6-960E-685BA4D49BD6}.Debug|Any CPU.Build.0 = Debug|Any CPU
		{150AEFC8-86EA-4BB6-960E-685BA4D49BD6}.Debug|x64.ActiveCfg = Debug|Any CPU
		{150AEFC8-86EA-4BB6-960E-685BA4D49BD6}.Debug|x64.Build.0 = Debug|Any CPU
		{150AEFC8-86EA-4BB6-960E-685BA4D49BD6}.Debug|x86.ActiveCfg = Debug|Any CPU
		{150AEFC8-86EA-4BB6-960E-685BA4D49BD6}.Debug|x86.Build.0 = Debug|Any CPU
		{150AEFC8-86EA-4BB6-960E-685BA4D49BD6}.Release|Any CPU.ActiveCfg = Release|Any CPU
		{150AEFC8-86EA-4BB6-960E-685BA4D49BD6}.Release|Any CPU.Build.0 = Release|Any CPU
		{150AEFC8-86EA-4BB6-960E-685BA4D49BD6}.Release|x64.ActiveCfg = Release|Any CPU
		{150AEFC8-86EA-4BB6-960E-685BA4D49BD6}.Release|x64.Build.0 = Release|Any CPU
		{150AEFC8-86EA-4BB6-960E-685BA4D49BD6}.Release|x86.ActiveCfg = Release|Any CPU
		{150AEFC8-86EA-4BB6-960E-685BA4D49BD6}.Release|x86.Build.0 = Release|Any CPU
		{59677F55-DC25-4254-A7CC-38982D8B02A5}.Debug|Any CPU.ActiveCfg = Debug|Any CPU
		{59677F55-DC25-4254-A7CC-38982D8B02A5}.Debug|Any CPU.Build.0 = Debug|Any CPU
		{59677F55-DC25-4254-A7CC-38982D8B02A5}.Debug|x64.ActiveCfg = Debug|Any CPU
		{59677F55-DC25-4254-A7CC-38982D8B02A5}.Debug|x64.Build.0 = Debug|Any CPU
		{59677F55-DC25-4254-A7CC-38982D8B02A5}.Debug|x86.ActiveCfg = Debug|Any CPU
		{59677F55-DC25-4254-A7CC-38982D8B02A5}.Debug|x86.Build.0 = Debug|Any CPU
		{59677F55-DC25-4254-A7CC-38982D8B02A5}.Release|Any CPU.ActiveCfg = Release|Any CPU
		{59677F55-DC25-4254-A7CC-38982D8B02A5}.Release|Any CPU.Build.0 = Release|Any CPU
		{59677F55-DC25-4254-A7CC-38982D8B02A5}.Release|x64.ActiveCfg = Release|Any CPU
		{59677F55-DC25-4254-A7CC-38982D8B02A5}.Release|x64.Build.0 = Release|Any CPU
		{59677F55-DC25-4254-A7CC-38982D8B02A5}.Release|x86.ActiveCfg = Release|Any CPU
		{59677F55-DC25-4254-A7CC-38982D8B02A5}.Release|x86.Build.0 = Release|Any CPU
		{3B0450E0-8CA9-4B2F-8C2F-CFD3DDF27812}.Debug|Any CPU.ActiveCfg = Debug|Any CPU
		{3B0450E0-8CA9-4B2F-8C2F-CFD3DDF27812}.Debug|Any CPU.Build.0 = Debug|Any CPU
		{3B0450E0-8CA9-4B2F-8C2F-CFD3DDF27812}.Debug|x64.ActiveCfg = Debug|Any CPU
		{3B0450E0-8CA9-4B2F-8C2F-CFD3DDF27812}.Debug|x64.Build.0 = Debug|Any CPU
		{3B0450E0-8CA9-4B2F-8C2F-CFD3DDF27812}.Debug|x86.ActiveCfg = Debug|Any CPU
		{3B0450E0-8CA9-4B2F-8C2F-CFD3DDF27812}.Debug|x86.Build.0 = Debug|Any CPU
		{3B0450E0-8CA9-4B2F-8C2F-CFD3DDF27812}.Release|Any CPU.ActiveCfg = Release|Any CPU
		{3B0450E0-8CA9-4B2F-8C2F-CFD3DDF27812}.Release|Any CPU.Build.0 = Release|Any CPU
		{3B0450E0-8CA9-4B2F-8C2F-CFD3DDF27812}.Release|x64.ActiveCfg = Release|Any CPU
		{3B0450E0-8CA9-4B2F-8C2F-CFD3DDF27812}.Release|x64.Build.0 = Release|Any CPU
		{3B0450E0-8CA9-4B2F-8C2F-CFD3DDF27812}.Release|x86.ActiveCfg = Release|Any CPU
		{3B0450E0-8CA9-4B2F-8C2F-CFD3DDF27812}.Release|x86.Build.0 = Release|Any CPU
	EndGlobalSection
	GlobalSection(SolutionProperties) = preSolution
		HideSolutionNode = FALSE
	EndGlobalSection
	GlobalSection(NestedProjects) = preSolution
		{A0000001-0000-0000-0000-000000000001} = {11111111-1111-1111-1111-111111111111}
		{A0000002-0000-0000-0000-000000000002} = {11111111-1111-1111-1111-111111111111}
		{A0000003-0000-0000-0000-000000000003} = {11111111-1111-1111-1111-111111111111}
		{A0000004-0000-0000-0000-000000000004} = {11111111-1111-1111-1111-111111111111}
		{A0000005-0000-0000-0000-000000000005} = {11111111-1111-1111-1111-111111111111}
		{A0000006-0000-0000-0000-000000000006} = {11111111-1111-1111-1111-111111111111}
		{A0000007-0000-0000-0000-000000000007} = {11111111-1111-1111-1111-111111111111}
		{A0000008-0000-0000-0000-000000000008} = {11111111-1111-1111-1111-111111111111}
		{A0000009-0000-0000-0000-000000000009} = {11111111-1111-1111-1111-111111111111}
		{A0000010-0000-0000-0000-000000000010} = {11111111-1111-1111-1111-111111111111}
		{B0000001-0000-0000-0000-000000000001} = {22222222-2222-2222-2222-222222222222}
		{B0000002-0000-0000-0000-000000000002} = {22222222-2222-2222-2222-222222222222}
		{B0000003-0000-0000-0000-000000000003} = {22222222-2222-2222-2222-222222222222}
		{B0000004-0000-0000-0000-000000000004} = {22222222-2222-2222-2222-222222222222}
		{B0000005-0000-0000-0000-000000000005} = {22222222-2222-2222-2222-222222222222}
		{18882C6E-598E-478D-B486-28FB9E919BB6} = {11111111-1111-1111-1111-111111111111}
		{140E9757-183F-4949-9793-448F38055488} = {22222222-2222-2222-2222-222222222222}
		{79083E0C-77CD-404D-B528-2FD7D690093C} = {11111111-1111-1111-1111-111111111111}
		{40022DCC-7CA4-4657-A0AA-3977A9E984C0} = {22222222-2222-2222-2222-222222222222}
		{E8BD8CBF-1C4F-499D-8ED0-8ADF70CB27B0} = {22222222-2222-2222-2222-222222222222}
		{C73D41BD-1526-440F-90B9-87157CB2465A} = {22222222-2222-2222-2222-222222222222}
		{14445CD3-0E88-4631-8F56-A0D9441B4184} = {11111111-1111-1111-1111-111111111111}
		{4245495C-9EBD-42A8-8690-F89FC81C5D12} = {22222222-2222-2222-2222-222222222222}
		{A729EC1B-369C-4508-9421-75DDD6DA55E9} = {11111111-1111-1111-1111-111111111111}
		{F01B035B-FBC4-4D1F-9F5C-A3D57C464B46} = {22222222-2222-2222-2222-222222222222}
		{013E3E52-719E-423C-8471-40B2600666A7} = {11111111-1111-1111-1111-111111111111}
		{453AF624-9B49-41BC-B36C-F56531F768EE} = {22222222-2222-2222-2222-222222222222}
		{B5E7245B-F896-4421-B646-908AC830F76C} = {11111111-1111-1111-1111-111111111111}
		{FF7A5098-83E3-4CDB-93D2-93DA7592783F} = {11111111-1111-1111-1111-111111111111}
		{9F657819-02D3-4727-9960-1C1413CF5D85} = {11111111-1111-1111-1111-111111111111}
		{A9B72E78-A56D-4F59-965A-812B410DAE2F} = {11111111-1111-1111-1111-111111111111}
		{393B5D19-1A42-4870-8F07-8FD9E07904D2} = {11111111-1111-1111-1111-111111111111}
		{5A91E707-315F-48FD-9AA7-3807B07A3A44} = {11111111-1111-1111-1111-111111111111}
		{D4B3F303-B4FB-4BCB-8CFB-6D97D0629EDA} = {11111111-1111-1111-1111-111111111111}
		{FDC0207E-2D25-4957-B9CD-370ACA80BC8E} = {22222222-2222-2222-2222-222222222222}
		{DE929E12-3004-4688-A00D-E73965491BE5} = {22222222-2222-2222-2222-222222222222}
		{150AEFC8-86EA-4BB6-960E-685BA4D49BD6} = {22222222-2222-2222-2222-222222222222}
		{59677F55-DC25-4254-A7CC-38982D8B02A5} = {22222222-2222-2222-2222-222222222222}
		{3B0450E0-8CA9-4B2F-8C2F-CFD3DDF27812} = {22222222-2222-2222-2222-222222222222}
	EndGlobalSection
EndGlobal
